
Microsoft Visual Studio Solution File, Format Version 11.00
# Visual Studio 2010
Project("{FAE04EC0-301F-11D3-BF4B-00C04F79EFBC}") = "ConeMeshEditorAssembly", "ConeMeshEditorAssembly.csproj", "{c1160c5e-487e-4f7e-6a84-e767b2dccc3c}"
EndProject
Project("{FAE04EC0-301F-11D3-BF4B-00C04F79EFBC}") = "Assembly-CSharp", "Assembly-CSharp.csproj", "{370b61a3-3a2f-9034-fefb-ff5653f76623}"
EndProject
Project("{FAE04EC0-301F-11D3-BF4B-00C04F79EFBC}") = "ConeMeshAssembly", "ConeMeshAssembly.csproj", "{ec622ae4-39c9-6917-4486-818568de97d5}"
EndProject
Global
	GlobalSection(SolutionConfigurationPlatforms) = preSolution
		Debug|Any CPU = Debug|Any CPU
	EndGlobalSection
	GlobalSection(ProjectConfigurationPlatforms) = postSolution
		{c1160c5e-487e-4f7e-6a84-e767b2dccc3c}.Debug|Any CPU.ActiveCfg = Debug|Any CPU
		{c1160c5e-487e-4f7e-6a84-e767b2dccc3c}.Debug|Any CPU.Build.0 = Debug|Any CPU
		{370b61a3-3a2f-9034-fefb-ff5653f76623}.Debug|Any CPU.ActiveCfg = Debug|Any CPU
		{370b61a3-3a2f-9034-fefb-ff5653f76623}.Debug|Any CPU.Build.0 = Debug|Any CPU
		{ec622ae4-39c9-6917-4486-818568de97d5}.Debug|Any CPU.ActiveCfg = Debug|Any CPU
		{ec622ae4-39c9-6917-4486-818568de97d5}.Debug|Any CPU.Build.0 = Debug|Any CPU
	EndGlobalSection
	GlobalSection(SolutionProperties) = preSolution
		HideSolutionNode = FALSE
	EndGlobalSection
EndGlobal
